
Microsoft Visual Studio Solution File, Format Version 12.00
# Visual Studio Version 17
VisualStudioVersion = 17.0.31612.314
MinimumVisualStudioVersion = 10.0.40219.1
Project("{FAE04EC0-301F-11D3-BF4B-00C04F79EFBC}") = "Gangwar", "Gangwar.csproj", "{B80DB0CE-4617-4AC8-8955-91D569A8B8FA}"
EndProject
Global
	GlobalSection(SolutionConfigurationPlatforms) = preSolution
		Debug|Any CPU = Debug|Any CPU
		Release|Any CPU = Release|Any CPU
	EndGlobalSection
	GlobalSection(ProjectConfigurationPlatforms) = postSolution
		{B80DB0CE-4617-4AC8-8955-91D569A8B8FA}.Debug|Any CPU.ActiveCfg = Debug|Any CPU
		{B80DB0CE-4617-4AC8-8955-91D569A8B8FA}.Debug|Any CPU.Build.0 = Debug|Any CPU
		{B80DB0CE-4617-4AC8-8955-91D569A8B8FA}.Release|Any CPU.ActiveCfg = Release|Any CPU
		{B80DB0CE-4617-4AC8-8955-91D569A8B8FA}.Release|Any CPU.Build.0 = Release|Any CPU
	EndGlobalSection
	GlobalSection(SolutionProperties) = preSolution
		HideSolutionNode = FALSE
	EndGlobalSection
	GlobalSection(ExtensibilityGlobals) = postSolution
		SolutionGuid = {9AE8FF0A-209E-4789-B35A-6357605CAA70}
	EndGlobalSection
EndGlobal
